<?xml version="1.0" encoding="utf-8"?>
<Project ToolsVersion="4.0" xmlns="http://schemas.microsoft.com/developer/msbuild/2003">
  <ItemGroup>
    <Filter Include="Source Files">
      <UniqueIdentifier>{4FC737F1-C7A5-4376-A066-2A32D752A2FF}</UniqueIdentifier>
      <Extensions>cpp;c;cc;cxx;c++;cppm;ixx;def;odl;idl;hpj;bat;asm;asmx</Extensions>
    </Filter>
    <Filter Include="Header Files">
      <UniqueIdentifier>{93995380-89BD-4b04-88EB-625FBE52EBFB}</UniqueIdentifier>
      <Extensions>h;hh;hpp;hxx;h++;hm;inl;inc;ipp;xsd</Extensions>
    </Filter>
    <Filter Include="Resource Files">
      <UniqueIdentifier>{67DA6AB6-F800-4c08-8B7A-83BB121AAD01}</UniqueIdentifier>
      <Extensions>rc;ico;cur;bmp;dlg;rc2;rct;bin;rgs;gif;jpg;jpeg;jpe;resx;tiff;tif;png;wav;mfcribbon-ms</Extensions>
    </Filter>
  </ItemGroup>
  <ItemGroup>
    <None Include="README.MD">
      <Filter>Source Files</Filter>
    </None>
  </ItemGroup>
  <ItemGroup>
    <Text Include="Deleted.txt">
      <Filter>Header Files</Filter>
    </Text>
  </ItemGroup>
  <ItemGroup>
    <ClInclude Include="core\JsonHandler.hpp">
      <Filter>Header Files</Filter>
    </ClInclude>
    <ClInclude Include="utils\framework.h">
      <Filter>Header Files</Filter>
    </ClInclude>
    <ClInclude Include="utils\pch.h">
      <Filter>Header Files</Filter>
    </ClInclude>
    <ClInclude Include="utils\JsonAlgorithms.hpp">
      <Filter>Header Files</Filter>
    </ClInclude>
    <ClInclude Include="serializer\JsonSerializer.hpp">
      <Filter>Header Files</Filter>
    </ClInclude>
    <ClInclude Include="parser\JsonParser.hpp">
      <Filter>Header Files</Filter>
    </ClInclude>
    <ClInclude Include="io\JsonFile.hpp">
      <Filter>Header Files</Filter>
    </ClInclude>
    <ClInclude Include="parser\JsonLexer.hpp">
      <Filter>Header Files</Filter>
    </ClInclude>
    <ClInclude Include="parser\Token.hpp">
      <Filter>Header Files</Filter>
    </ClInclude>
    <ClInclude Include="errors\JsonException.hpp">
      <Filter>Header Files</Filter>
    </ClInclude>
    <ClInclude Include="errors\ParseException.hpp">
      <Filter>Header Files</Filter>
    </ClInclude>
    <ClInclude Include="errors\LexerException.hpp">
      <Filter>Header Files</Filter>
    </ClInclude>
    <ClInclude Include="errors\TypeException.hpp">
      <Filter>Header Files</Filter>
    </ClInclude>
    <ClInclude Include="errors\FileException.hpp">
      <Filter>Header Files</Filter>
    </ClInclude>
    <ClInclude Include="errors\AccessException.hpp">
      <Filter>Header Files</Filter>
    </ClInclude>
    <ClInclude Include="errors\OperationException.hpp">
      <Filter>Header Files</Filter>
    </ClInclude>
    <ClInclude Include="diagnostics\DiagnosticFormatter.hpp">
      <Filter>Header Files</Filter>
    </ClInclude>
  </ItemGroup>
  <ItemGroup>
    <ClCompile Include="utils\dllmain.cpp">
      <Filter>Source Files</Filter>
    </ClCompile>
    <ClCompile Include="utils\pch.cpp">
      <Filter>Source Files</Filter>
    </ClCompile>
    <ClCompile Include="core\JsonHandler.cpp">
      <Filter>Source Files</Filter>
    </ClCompile>
    <ClCompile Include="utils\JsonAlgorithms.cpp">
      <Filter>Source Files</Filter>
    </ClCompile>
    <ClCompile Include="serializer\JsonSerializer.cpp">
      <Filter>Source Files</Filter>
    </ClCompile>
    <ClCompile Include="parser\JsonParser.cpp">
      <Filter>Source Files</Filter>
    </ClCompile>
    <ClCompile Include="io\JsonFile.cpp">
      <Filter>Source Files</Filter>
    </ClCompile>
    <ClCompile Include="parser\JsonLexer.cpp">
      <Filter>Source Files</Filter>
    </ClCompile>
    <ClCompile Include="errors\ParseException.cpp">
      <Filter>Source Files</Filter>
    </ClCompile>
    <ClCompile Include="errors\LexerException.cpp">
      <Filter>Source Files</Filter>
    </ClCompile>
    <ClCompile Include="errors\TypeException.cpp">
      <Filter>Source Files</Filter>
    </ClCompile>
    <ClCompile Include="errors\AccessException.cpp">
      <Filter>Source Files</Filter>
    </ClCompile>
    <ClCompile Include="errors\FileException.cpp">
      <Filter>Source Files</Filter>
    </ClCompile>
    <ClCompile Include="errors\OperationException.cpp">
      <Filter>Source Files</Filter>
    </ClCompile>
    <ClCompile Include="diagnostics\DiagnosticFormatter.cpp">
      <Filter>Source Files</Filter>
    </ClCompile>
  </ItemGroup>
</Project>